
Microsoft Visual Studio Solution File, Format Version 12.00
# Visual Studio Version 17
VisualStudioVersion = 17.5.002.0
MinimumVisualStudioVersion = 10.0.40219.1
Project("{9A19103F-16F7-4668-BE54-9A1E7A4F7556}") = "console-app", "console-app\console-app.csproj", "{42A3356D-CC5E-4665-B375-7A166EC52302}"
EndProject
Global
	GlobalSection(SolutionConfigurationPlatforms) = preSolution
		Debug|Any CPU = Debug|Any CPU
		Release|Any CPU = Release|Any CPU
	EndGlobalSection
	GlobalSection(ProjectConfigurationPlatforms) = postSolution
		{42A3356D-CC5E-4665-B375-7A166EC52302}.Debug|Any CPU.ActiveCfg = Debug|Any CPU
		{42A3356D-CC5E-4665-B375-7A166EC52302}.Debug|Any CPU.Build.0 = Debug|Any CPU
		{42A3356D-CC5E-4665-B375-7A166EC52302}.Release|Any CPU.ActiveCfg = Release|Any CPU
		{42A3356D-CC5E-4665-B375-7A166EC52302}.Release|Any CPU.Build.0 = Release|Any CPU
	EndGlobalSection
	GlobalSection(SolutionProperties) = preSolution
		HideSolutionNode = FALSE
	EndGlobalSection
	GlobalSection(ExtensibilityGlobals) = postSolution
		SolutionGuid = {F5E1B40F-46ED-4396-A27E-385CD440315B}
	EndGlobalSection
EndGlobal
